
Microsoft Visual Studio Solution File, Format Version 12.00
# Visual Studio Version 16
VisualStudioVersion = 16.0.29806.167
MinimumVisualStudioVersion = 10.0.40219.1
Project("{FAE04EC0-301F-11D3-BF4B-00C04F79EFBC}") = "AlpineSkiHouse.Web", "AlpineSkiHouse.Web\AlpineSkiHouse.Web.csproj", "{35A2762B-67C1-4B92-B7C6-5BCBF46299EA}"
EndProject
Global
	GlobalSection(SolutionConfigurationPlatforms) = preSolution
		Debug|Any CPU = Debug|Any CPU
		Release|Any CPU = Release|Any CPU
	EndGlobalSection
	GlobalSection(ProjectConfigurationPlatforms) = postSolution
		{35A2762B-67C1-4B92-B7C6-5BCBF46299EA}.Debug|Any CPU.ActiveCfg = Debug|Any CPU
		{35A2762B-67C1-4B92-B7C6-5BCBF46299EA}.Debug|Any CPU.Build.0 = Debug|Any CPU
		{35A2762B-67C1-4B92-B7C6-5BCBF46299EA}.Release|Any CPU.ActiveCfg = Release|Any CPU
		{35A2762B-67C1-4B92-B7C6-5BCBF46299EA}.Release|Any CPU.Build.0 = Release|Any CPU
	EndGlobalSection
	GlobalSection(SolutionProperties) = preSolution
		HideSolutionNode = FALSE
	EndGlobalSection
	GlobalSection(ExtensibilityGlobals) = postSolution
		SolutionGuid = {5F4232B0-21F1-46D3-8AB4-E9B4BA399D5E}
	EndGlobalSection
EndGlobal
